
Microsoft Visual Studio Solution File, Format Version 12.00
# Visual Studio 15
VisualStudioVersion = 15.0.27703.2042
MinimumVisualStudioVersion = 10.0.40219.1
Project("{FAE04EC0-301F-11D3-BF4B-00C04F79EFBC}") = "NewsApp.Android", "NewsApp\NewsApp.Android\NewsApp.Android.csproj", "{A18507FF-412C-4297-8000-3AFA2199A089}"
EndProject
Project("{FAE04EC0-301F-11D3-BF4B-00C04F79EFBC}") = "NewsApp.iOS", "NewsApp\NewsApp.iOS\NewsApp.iOS.csproj", "{E2E8153A-7709-48E8-A979-90104AEE0092}"
EndProject
Project("{9A19103F-16F7-4668-BE54-9A1E7A4F7556}") = "NewsApp", "NewsApp\NewsApp\NewsApp.csproj", "{DEA54A2B-01B0-4175-906D-C970EA63CAF3}"
EndProject
Project("{2150E333-8FDC-42A3-9474-1A3956D46DE8}") = "Solution Items", "Solution Items", "{85BF93CE-0E06-462D-8D14-6B186D70E0B6}"
	ProjectSection(SolutionItems) = preProject
		ToDos.txt = ToDos.txt
	EndProjectSection
EndProject
Global
	GlobalSection(SolutionConfigurationPlatforms) = preSolution
		Ad-Hoc|Any CPU = Ad-Hoc|Any CPU
		Ad-Hoc|iPhone = Ad-Hoc|iPhone
		Ad-Hoc|iPhoneSimulator = Ad-Hoc|iPhoneSimulator
		AppStore|Any CPU = AppStore|Any CPU
		AppStore|iPhone = AppStore|iPhone
		AppStore|iPhoneSimulator = AppStore|iPhoneSimulator
		Debug|Any CPU = Debug|Any CPU
		Debug|iPhone = Debug|iPhone
		Debug|iPhoneSimulator = Debug|iPhoneSimulator
		Release|Any CPU = Release|Any CPU
		Release|iPhone = Release|iPhone
		Release|iPhoneSimulator = Release|iPhoneSimulator
	EndGlobalSection
	GlobalSection(ProjectConfigurationPlatforms) = postSolution
		{A18507FF-412C-4297-8000-3AFA2199A089}.Ad-Hoc|Any CPU.ActiveCfg = Release|Any CPU
		{A18507FF-412C-4297-8000-3AFA2199A089}.Ad-Hoc|Any CPU.Build.0 = Release|Any CPU
		{A18507FF-412C-4297-8000-3AFA2199A089}.Ad-Hoc|Any CPU.Deploy.0 = Release|Any CPU
		{A18507FF-412C-4297-8000-3AFA2199A089}.Ad-Hoc|iPhone.ActiveCfg = Release|Any CPU
		{A18507FF-412C-4297-8000-3AFA2199A089}.Ad-Hoc|iPhone.Build.0 = Release|Any CPU
		{A18507FF-412C-4297-8000-3AFA2199A089}.Ad-Hoc|iPhone.Deploy.0 = Release|Any CPU
		{A18507FF-412C-4297-8000-3AFA2199A089}.Ad-Hoc|iPhoneSimulator.ActiveCfg = Release|Any CPU
		{A18507FF-412C-4297-8000-3AFA2199A089}.Ad-Hoc|iPhoneSimulator.Build.0 = Release|Any CPU
		{A18507FF-412C-4297-8000-3AFA2199A089}.Ad-Hoc|iPhoneSimulator.Deploy.0 = Release|Any CPU
		{A18507FF-412C-4297-8000-3AFA2199A089}.AppStore|Any CPU.ActiveCfg = Release|Any CPU
		{A18507FF-412C-4297-8000-3AFA2199A089}.AppStore|Any CPU.Build.0 = Release|Any CPU
		{A18507FF-412C-4297-8000-3AFA2199A089}.AppStore|Any CPU.Deploy.0 = Release|Any CPU
		{A18507FF-412C-4297-8000-3AFA2199A089}.AppStore|iPhone.ActiveCfg = Release|Any CPU
		{A18507FF-412C-4297-8000-3AFA2199A089}.AppStore|iPhone.Build.0 = Release|Any CPU
		{A18507FF-412C-4297-8000-3AFA2199A089}.AppStore|iPhone.Deploy.0 = Release|Any CPU
		{A18507FF-412C-4297-8000-3AFA2199A089}.AppStore|iPhoneSimulator.ActiveCfg = Release|Any CPU
		{A18507FF-412C-4297-8000-3AFA2199A089}.AppStore|iPhoneSimulator.Build.0 = Release|Any CPU
		{A18507FF-412C-4297-8000-3AFA2199A089}.AppStore|iPhoneSimulator.Deploy.0 = Release|Any CPU
		{A18507FF-412C-4297-8000-3AFA2199A089}.Debug|Any CPU.ActiveCfg = Debug|Any CPU
		{A18507FF-412C-4297-8000-3AFA2199A089}.Debug|Any CPU.Build.0 = Debug|Any CPU
		{A18507FF-412C-4297-8000-3AFA2199A089}.Debug|Any CPU.Deploy.0 = Debug|Any CPU
		{A18507FF-412C-4297-8000-3AFA2199A089}.Debug|iPhone.ActiveCfg = Debug|Any CPU
		{A18507FF-412C-4297-8000-3AFA2199A089}.Debug|iPhone.Build.0 = Debug|Any CPU
		{A18507FF-412C-4297-8000-3AFA2199A089}.Debug|iPhone.Deploy.0 = Debug|Any CPU
		{A18507FF-412C-4297-8000-3AFA2199A089}.Debug|iPhoneSimulator.ActiveCfg = Debug|Any CPU
		{A18507FF-412C-4297-8000-3AFA2199A089}.Debug|iPhoneSimulator.Build.0 = Debug|Any CPU
		{A18507FF-412C-4297-8000-3AFA2199A089}.Debug|iPhoneSimulator.Deploy.0 = Debug|Any CPU
		{A18507FF-412C-4297-8000-3AFA2199A089}.Release|Any CPU.ActiveCfg = Release|Any CPU
		{A18507FF-412C-4297-8000-3AFA2199A089}.Release|Any CPU.Build.0 = Release|Any CPU
		{A18507FF-412C-4297-8000-3AFA2199A089}.Release|Any CPU.Deploy.0 = Release|Any CPU
		{A18507FF-412C-4297-8000-3AFA2199A089}.Release|iPhone.ActiveCfg = Release|Any CPU
		{A18507FF-412C-4297-8000-3AFA2199A089}.Release|iPhone.Build.0 = Release|Any CPU
		{A18507FF-412C-4297-8000-3AFA2199A089}.Release|iPhone.Deploy.0 = Release|Any CPU
		{A18507FF-412C-4297-8000-3AFA2199A089}.Release|iPhoneSimulator.ActiveCfg = Release|Any CPU
		{A18507FF-412C-4297-8000-3AFA2199A089}.Release|iPhoneSimulator.Build.0 = Release|Any CPU
		{A18507FF-412C-4297-8000-3AFA2199A089}.Release|iPhoneSimulator.Deploy.0 = Release|Any CPU
		{E2E8153A-7709-48E8-A979-90104AEE0092}.Ad-Hoc|Any CPU.ActiveCfg = Ad-Hoc|iPhone
		{E2E8153A-7709-48E8-A979-90104AEE0092}.Ad-Hoc|Any CPU.Build.0 = Ad-Hoc|iPhone
		{E2E8153A-7709-48E8-A979-90104AEE0092}.Ad-Hoc|Any CPU.Deploy.0 = Ad-Hoc|iPhone
		{E2E8153A-7709-48E8-A979-90104AEE0092}.Ad-Hoc|iPhone.ActiveCfg = Ad-Hoc|iPhone
		{E2E8153A-7709-48E8-A979-90104AEE0092}.Ad-Hoc|iPhone.Build.0 = Ad-Hoc|iPhone
		{E2E8153A-7709-48E8-A979-90104AEE0092}.Ad-Hoc|iPhone.Deploy.0 = Ad-Hoc|iPhone
		{E2E8153A-7709-48E8-A979-90104AEE0092}.Ad-Hoc|iPhoneSimulator.ActiveCfg = Ad-Hoc|iPhoneSimulator
		{E2E8153A-7709-48E8-A979-90104AEE0092}.Ad-Hoc|iPhoneSimulator.Build.0 = Ad-Hoc|iPhoneSimulator
		{E2E8153A-7709-48E8-A979-90104AEE0092}.Ad-Hoc|iPhoneSimulator.Deploy.0 = Ad-Hoc|iPhoneSimulator
		{E2E8153A-7709-48E8-A979-90104AEE0092}.AppStore|Any CPU.ActiveCfg = AppStore|iPhone
		{E2E8153A-7709-48E8-A979-90104AEE0092}.AppStore|Any CPU.Build.0 = AppStore|iPhone
		{E2E8153A-7709-48E8-A979-90104AEE0092}.AppStore|Any CPU.Deploy.0 = AppStore|iPhone
		{E2E8153A-7709-48E8-A979-90104AEE0092}.AppStore|iPhone.ActiveCfg = AppStore|iPhone
		{E2E8153A-7709-48E8-A979-90104AEE0092}.AppStore|iPhone.Build.0 = AppStore|iPhone
		{E2E8153A-7709-48E8-A979-90104AEE0092}.AppStore|iPhone.Deploy.0 = AppStore|iPhone
		{E2E8153A-7709-48E8-A979-90104AEE0092}.AppStore|iPhoneSimulator.ActiveCfg = AppStore|iPhoneSimulator
		{E2E8153A-7709-48E8-A979-90104AEE0092}.AppStore|iPhoneSimulator.Build.0 = AppStore|iPhoneSimulator
		{E2E8153A-7709-48E8-A979-90104AEE0092}.AppStore|iPhoneSimulator.Deploy.0 = AppStore|iPhoneSimulator
		{E2E8153A-7709-48E8-A979-90104AEE0092}.Debug|Any CPU.ActiveCfg = Debug|iPhoneSimulator
		{E2E8153A-7709-48E8-A979-90104AEE0092}.Debug|Any CPU.Build.0 = Debug|iPhoneSimulator
		{E2E8153A-7709-48E8-A979-90104AEE0092}.Debug|Any CPU.Deploy.0 = Debug|iPhoneSimulator
		{E2E8153A-7709-48E8-A979-90104AEE0092}.Debug|iPhone.ActiveCfg = Debug|iPhone
		{E2E8153A-7709-48E8-A979-90104AEE0092}.Debug|iPhone.Build.0 = Debug|iPhone
		{E2E8153A-7709-48E8-A979-90104AEE0092}.Debug|iPhone.Deploy.0 = Debug|iPhone
		{E2E8153A-7709-48E8-A979-90104AEE0092}.Debug|iPhoneSimulator.ActiveCfg = Debug|iPhoneSimulator
		{E2E8153A-7709-48E8-A979-90104AEE0092}.Debug|iPhoneSimulator.Build.0 = Debug|iPhoneSimulator
		{E2E8153A-7709-48E8-A979-90104AEE0092}.Debug|iPhoneSimulator.Deploy.0 = Debug|iPhoneSimulator
		{E2E8153A-7709-48E8-A979-90104AEE0092}.Release|Any CPU.ActiveCfg = Release|iPhone
		{E2E8153A-7709-48E8-A979-90104AEE0092}.Release|Any CPU.Build.0 = Release|iPhone
		{E2E8153A-7709-48E8-A979-90104AEE0092}.Release|Any CPU.Deploy.0 = Release|iPhone
		{E2E8153A-7709-48E8-A979-90104AEE0092}.Release|iPhone.ActiveCfg = Release|iPhone
		{E2E8153A-7709-48E8-A979-90104AEE0092}.Release|iPhone.Build.0 = Release|iPhone
		{E2E8153A-7709-48E8-A979-90104AEE0092}.Release|iPhone.Deploy.0 = Release|iPhone
		{E2E8153A-7709-48E8-A979-90104AEE0092}.Release|iPhoneSimulator.ActiveCfg = Release|iPhoneSimulator
		{E2E8153A-7709-48E8-A979-90104AEE0092}.Release|iPhoneSimulator.Build.0 = Release|iPhoneSimulator
		{E2E8153A-7709-48E8-A979-90104AEE0092}.Release|iPhoneSimulator.Deploy.0 = Release|iPhoneSimulator
		{DEA54A2B-01B0-4175-906D-C970EA63CAF3}.Ad-Hoc|Any CPU.ActiveCfg = Debug|Any CPU
		{DEA54A2B-01B0-4175-906D-C970EA63CAF3}.Ad-Hoc|Any CPU.Build.0 = Debug|Any CPU
		{DEA54A2B-01B0-4175-906D-C970EA63CAF3}.Ad-Hoc|Any CPU.Deploy.0 = Debug|Any CPU
		{DEA54A2B-01B0-4175-906D-C970EA63CAF3}.Ad-Hoc|iPhone.ActiveCfg = Debug|Any CPU
		{DEA54A2B-01B0-4175-906D-C970EA63CAF3}.Ad-Hoc|iPhone.Build.0 = Debug|Any CPU
		{DEA54A2B-01B0-4175-906D-C970EA63CAF3}.Ad-Hoc|iPhone.Deploy.0 = Debug|Any CPU
		{DEA54A2B-01B0-4175-906D-C970EA63CAF3}.Ad-Hoc|iPhoneSimulator.ActiveCfg = Debug|Any CPU
		{DEA54A2B-01B0-4175-906D-C970EA63CAF3}.Ad-Hoc|iPhoneSimulator.Build.0 = Debug|Any CPU
		{DEA54A2B-01B0-4175-906D-C970EA63CAF3}.Ad-Hoc|iPhoneSimulator.Deploy.0 = Debug|Any CPU
		{DEA54A2B-01B0-4175-906D-C970EA63CAF3}.AppStore|Any CPU.ActiveCfg = Debug|Any CPU
		{DEA54A2B-01B0-4175-906D-C970EA63CAF3}.AppStore|Any CPU.Build.0 = Debug|Any CPU
		{DEA54A2B-01B0-4175-906D-C970EA63CAF3}.AppStore|Any CPU.Deploy.0 = Debug|Any CPU
		{DEA54A2B-01B0-4175-906D-C970EA63CAF3}.AppStore|iPhone.ActiveCfg = Debug|Any CPU
		{DEA54A2B-01B0-4175-906D-C970EA63CAF3}.AppStore|iPhone.Build.0 = Debug|Any CPU
		{DEA54A2B-01B0-4175-906D-C970EA63CAF3}.AppStore|iPhone.Deploy.0 = Debug|Any CPU
		{DEA54A2B-01B0-4175-906D-C970EA63CAF3}.AppStore|iPhoneSimulator.ActiveCfg = Debug|Any CPU
		{DEA54A2B-01B0-4175-906D-C970EA63CAF3}.AppStore|iPhoneSimulator.Build.0 = Debug|Any CPU
		{DEA54A2B-01B0-4175-906D-C970EA63CAF3}.AppStore|iPhoneSimulator.Deploy.0 = Debug|Any CPU
		{DEA54A2B-01B0-4175-906D-C970EA63CAF3}.Debug|Any CPU.ActiveCfg = Debug|Any CPU
		{DEA54A2B-01B0-4175-906D-C970EA63CAF3}.Debug|Any CPU.Build.0 = Debug|Any CPU
		{DEA54A2B-01B0-4175-906D-C970EA63CAF3}.Debug|Any CPU.Deploy.0 = Debug|Any CPU
		{DEA54A2B-01B0-4175-906D-C970EA63CAF3}.Debug|iPhone.ActiveCfg = Debug|Any CPU
		{DEA54A2B-01B0-4175-906D-C970EA63CAF3}.Debug|iPhone.Build.0 = Debug|Any CPU
		{DEA54A2B-01B0-4175-906D-C970EA63CAF3}.Debug|iPhone.Deploy.0 = Debug|Any CPU
		{DEA54A2B-01B0-4175-906D-C970EA63CAF3}.Debug|iPhoneSimulator.ActiveCfg = Debug|Any CPU
		{DEA54A2B-01B0-4175-906D-C970EA63CAF3}.Debug|iPhoneSimulator.Build.0 = Debug|Any CPU
		{DEA54A2B-01B0-4175-906D-C970EA63CAF3}.Debug|iPhoneSimulator.Deploy.0 = Debug|Any CPU
		{DEA54A2B-01B0-4175-906D-C970EA63CAF3}.Release|Any CPU.ActiveCfg = Release|Any CPU
		{DEA54A2B-01B0-4175-906D-C970EA63CAF3}.Release|Any CPU.Build.0 = Release|Any CPU
		{DEA54A2B-01B0-4175-906D-C970EA63CAF3}.Release|Any CPU.Deploy.0 = Release|Any CPU
		{DEA54A2B-01B0-4175-906D-C970EA63CAF3}.Release|iPhone.ActiveCfg = Release|Any CPU
		{DEA54A2B-01B0-4175-906D-C970EA63CAF3}.Release|iPhone.Build.0 = Release|Any CPU
		{DEA54A2B-01B0-4175-906D-C970EA63CAF3}.Release|iPhone.Deploy.0 = Release|Any CPU
		{DEA54A2B-01B0-4175-906D-C970EA63CAF3}.Release|iPhoneSimulator.ActiveCfg = Release|Any CPU
		{DEA54A2B-01B0-4175-906D-C970EA63CAF3}.Release|iPhoneSimulator.Build.0 = Release|Any CPU
		{DEA54A2B-01B0-4175-906D-C970EA63CAF3}.Release|iPhoneSimulator.Deploy.0 = Release|Any CPU
	EndGlobalSection
	GlobalSection(SolutionProperties) = preSolution
		HideSolutionNode = FALSE
	EndGlobalSection
	GlobalSection(ExtensibilityGlobals) = postSolution
		SolutionGuid = {2FCE25E0-DB96-46B8-9C1E-A08DBD1781FF}
	EndGlobalSection
EndGlobal
